// !$*UTF8*$!
{
	archiveVersion = 1;
	classes = {
	};
	objectVersion = 50;
	objects = {

/* Begin PBXBuildFile section */
		87862618238DF09D00D7ADDF /* Boardgame.swift in Sources */ = {isa = PBXBuildFile; fileRef = 87862617238DF09D00D7ADDF /* Boardgame.swift */; };
		8786261A238DF4DA00D7ADDF /* UserData.swift in Sources */ = {isa = PBXBuildFile; fileRef = 87862619238DF4DA00D7ADDF /* UserData.swift */; };
		87BC1333238CE93D00896AD6 /* Data.swift in Sources */ = {isa = PBXBuildFile; fileRef = 87BC1332238CE93D00896AD6 /* Data.swift */; };
		87BEB207238B39EC009A59EE /* AppDelegate.swift in Sources */ = {isa = PBXBuildFile; fileRef = 87BEB206238B39EC009A59EE /* AppDelegate.swift */; };
		87BEB209238B39EC009A59EE /* SceneDelegate.swift in Sources */ = {isa = PBXBuildFile; fileRef = 87BEB208238B39EC009A59EE /* SceneDelegate.swift */; };
		87BEB20B238B39EC009A59EE /* ContentView.swift in Sources */ = {isa = PBXBuildFile; fileRef = 87BEB20A238B39EC009A59EE /* ContentView.swift */; };
		87BEB20D238B39F0009A59EE /* Assets.xcassets in Resources */ = {isa = PBXBuildFile; fileRef = 87BEB20C238B39F0009A59EE /* Assets.xcassets */; };
		87BEB210238B39F0009A59EE /* Preview Assets.xcassets in Resources */ = {isa = PBXBuildFile; fileRef = 87BEB20F238B39F0009A59EE /* Preview Assets.xcassets */; };
		87BEB213238B39F0009A59EE /* LaunchScreen.storyboard in Resources */ = {isa = PBXBuildFile; fileRef = 87BEB211238B39F0009A59EE /* LaunchScreen.storyboard */; };
		87BEB21D238B3D58009A59EE /* boardgameData.json in Resources */ = {isa = PBXBuildFile; fileRef = 87BEB21C238B3D58009A59EE /* boardgameData.json */; };
		87C6E40723931E510086AFC5 /* BoardgameDetail.swift in Sources */ = {isa = PBXBuildFile; fileRef = 87C6E40623931E510086AFC5 /* BoardgameDetail.swift */; };
		87C6E40D23932DCF0086AFC5 /* ImageView.swift in Sources */ = {isa = PBXBuildFile; fileRef = 87C6E40C23932DCF0086AFC5 /* ImageView.swift */; };
/* End PBXBuildFile section */

/* Begin PBXFileReference section */
		87862617238DF09D00D7ADDF /* Boardgame.swift */ = {isa = PBXFileReference; lastKnownFileType = sourcecode.swift; name = Boardgame.swift; path = ../Boardgame.swift; sourceTree = "<group>"; };
		87862619238DF4DA00D7ADDF /* UserData.swift */ = {isa = PBXFileReference; lastKnownFileType = sourcecode.swift; path = UserData.swift; sourceTree = "<group>"; };
		87BC1332238CE93D00896AD6 /* Data.swift */ = {isa = PBXFileReference; lastKnownFileType = sourcecode.swift; path = Data.swift; sourceTree = "<group>"; };
		87BEB203238B39EC009A59EE /* Boardgames.app */ = {isa = PBXFileReference; explicitFileType = wrapper.application; includeInIndex = 0; path = Boardgames.app; sourceTree = BUILT_PRODUCTS_DIR; };
		87BEB206238B39EC009A59EE /* AppDelegate.swift */ = {isa = PBXFileReference; lastKnownFileType = sourcecode.swift; path = AppDelegate.swift; sourceTree = "<group>"; };
		87BEB208238B39EC009A59EE /* SceneDelegate.swift */ = {isa = PBXFileReference; lastKnownFileType = sourcecode.swift; path = SceneDelegate.swift; sourceTree = "<group>"; };
		87BEB20A238B39EC009A59EE /* ContentView.swift */ = {isa = PBXFileReference; lastKnownFileType = sourcecode.swift; path = ContentView.swift; sourceTree = "<group>"; };
		87BEB20C238B39F0009A59EE /* Assets.xcassets */ = {isa = PBXFileReference; lastKnownFileType = folder.assetcatalog; path = Assets.xcassets; sourceTree = "<group>"; };
		87BEB20F238B39F0009A59EE /* Preview Assets.xcassets */ = {isa = PBXFileReference; lastKnownFileType = folder.assetcatalog; path = "Preview Assets.xcassets"; sourceTree = "<group>"; };
		87BEB212238B39F0009A59EE /* Base */ = {isa = PBXFileReference; lastKnownFileType = file.storyboard; name = Base; path = Base.lproj/LaunchScreen.storyboard; sourceTree = "<group>"; };
		87BEB214238B39F0009A59EE /* Info.plist */ = {isa = PBXFileReference; lastKnownFileType = text.plist.xml; path = Info.plist; sourceTree = "<group>"; };
		87BEB21C238B3D58009A59EE /* boardgameData.json */ = {isa = PBXFileReference; lastKnownFileType = text.json; path = boardgameData.json; sourceTree = "<group>"; };
		87C6E40623931E510086AFC5 /* BoardgameDetail.swift */ = {isa = PBXFileReference; lastKnownFileType = sourcecode.swift; path = BoardgameDetail.swift; sourceTree = "<group>"; };
		87C6E40C23932DCF0086AFC5 /* ImageView.swift */ = {isa = PBXFileReference; lastKnownFileType = sourcecode.swift; path = ImageView.swift; sourceTree = "<group>"; };
/* End PBXFileReference section */

/* Begin PBXFrameworksBuildPhase section */
		87BEB200238B39EC009A59EE /* Frameworks */ = {
			isa = PBXFrameworksBuildPhase;
			buildActionMask = 2147483647;
			files = (
			);
			runOnlyForDeploymentPostprocessing = 0;
		};
/* End PBXFrameworksBuildPhase section */

/* Begin PBXGroup section */
		87BEB1FA238B39EC009A59EE = {
			isa = PBXGroup;
			children = (
				87BEB205238B39EC009A59EE /* Boardgames */,
				87BEB204238B39EC009A59EE /* Products */,
			);
			sourceTree = "<group>";
		};
		87BEB204238B39EC009A59EE /* Products */ = {
			isa = PBXGroup;
			children = (
				87BEB203238B39EC009A59EE /* Boardgames.app */,
			);
			name = Products;
			sourceTree = "<group>";
		};
		87BEB205238B39EC009A59EE /* Boardgames */ = {
			isa = PBXGroup;
			children = (
				87C6E40523931E2E0086AFC5 /* Boardgame Views */,
				87BEB21B238B3B16009A59EE /* Models */,
				87BEB21A238B3B07009A59EE /* Resources */,
				87BEB206238B39EC009A59EE /* AppDelegate.swift */,
				87BEB208238B39EC009A59EE /* SceneDelegate.swift */,
				87BEB20A238B39EC009A59EE /* ContentView.swift */,
				87C6E40C23932DCF0086AFC5 /* ImageView.swift */,
				87BEB20C238B39F0009A59EE /* Assets.xcassets */,
				87BEB211238B39F0009A59EE /* LaunchScreen.storyboard */,
				87BEB214238B39F0009A59EE /* Info.plist */,
				87BEB20E238B39F0009A59EE /* Preview Content */,
			);
			path = Boardgames;
			sourceTree = "<group>";
		};
		87BEB20E238B39F0009A59EE /* Preview Content */ = {
			isa = PBXGroup;
			children = (
				87BEB20F238B39F0009A59EE /* Preview Assets.xcassets */,
			);
			path = "Preview Content";
			sourceTree = "<group>";
		};
		87BEB21A238B3B07009A59EE /* Resources */ = {
			isa = PBXGroup;
			children = (
				87BEB21C238B3D58009A59EE /* boardgameData.json */,
			);
			path = Resources;
			sourceTree = "<group>";
		};
		87BEB21B238B3B16009A59EE /* Models */ = {
			isa = PBXGroup;
			children = (
				87862617238DF09D00D7ADDF /* Boardgame.swift */,
				87BC1332238CE93D00896AD6 /* Data.swift */,
				87862619238DF4DA00D7ADDF /* UserData.swift */,
			);
			path = Models;
			sourceTree = "<group>";
		};
		87C6E40523931E2E0086AFC5 /* Boardgame Views */ = {
			isa = PBXGroup;
			children = (
				87C6E40623931E510086AFC5 /* BoardgameDetail.swift */,
			);
			path = "Boardgame Views";
			sourceTree = "<group>";
		};
/* End PBXGroup section */

/* Begin PBXNativeTarget section */
		87BEB202238B39EC009A59EE /* Boardgames */ = {
			isa = PBXNativeTarget;
			buildConfigurationList = 87BEB217238B39F0009A59EE /* Build configuration list for PBXNativeTarget "Boardgames" */;
			buildPhases = (
				87BEB1FF238B39EC009A59EE /* Sources */,
				87BEB200238B39EC009A59EE /* Frameworks */,
				87BEB201238B39EC009A59EE /* Resources */,
			);
			buildRules = (
			);
			dependencies = (
			);
			name = Boardgames;
			productName = Boardgames;
			productReference = 87BEB203238B39EC009A59EE /* Boardgames.app */;
			productType = "com.apple.product-type.application";
		};
/* End PBXNativeTarget section */

/* Begin PBXProject section */
		87BEB1FB238B39EC009A59EE /* Project object */ = {
			isa = PBXProject;
			attributes = {
				LastSwiftUpdateCheck = 1120;
				LastUpgradeCheck = 1120;
				ORGANIZATIONNAME = "Sam Wareing";
				TargetAttributes = {
					87BEB202238B39EC009A59EE = {
						CreatedOnToolsVersion = 11.2;
					};
				};
			};
			buildConfigurationList = 87BEB1FE238B39EC009A59EE /* Build configuration list for PBXProject "Boardgames" */;
			compatibilityVersion = "Xcode 9.3";
			developmentRegion = en;
			hasScannedForEncodings = 0;
			knownRegions = (
				en,
				Base,
			);
			mainGroup = 87BEB1FA238B39EC009A59EE;
			productRefGroup = 87BEB204238B39EC009A59EE /* Products */;
			projectDirPath = "";
			projectRoot = "";
			targets = (
				87BEB202238B39EC009A59EE /* Boardgames */,
			);
		};
/* End PBXProject section */

/* Begin PBXResourcesBuildPhase section */
		87BEB201238B39EC009A59EE /* Resources */ = {
			isa = PBXResourcesBuildPhase;
			buildActionMask = 2147483647;
			files = (
				87BEB213238B39F0009A59EE /* LaunchScreen.storyboard in Resources */,
				87BEB210238B39F0009A59EE /* Preview Assets.xcassets in Resources */,
				87BEB21D238B3D58009A59EE /* boardgameData.json in Resources */,
				87BEB20D238B39F0009A59EE /* Assets.xcassets in Resources */,
			);
			runOnlyForDeploymentPostprocessing = 0;
		};
/* End PBXResourcesBuildPhase section */

/* Begin PBXSourcesBuildPhase section */
		87BEB1FF238B39EC009A59EE /* Sources */ = {
			isa = PBXSourcesBuildPhase;
			buildActionMask = 2147483647;
			files = (
				87BC1333238CE93D00896AD6 /* Data.swift in Sources */,
				8786261A238DF4DA00D7ADDF /* UserData.swift in Sources */,
				87862618238DF09D00D7ADDF /* Boardgame.swift in Sources */,
				87BEB207238B39EC009A59EE /* AppDelegate.swift in Sources */,
				87BEB209238B39EC009A59EE /* SceneDelegate.swift in Sources */,
				87C6E40D23932DCF0086AFC5 /* ImageView.swift in Sources */,
				87C6E40723931E510086AFC5 /* BoardgameDetail.swift in Sources */,
				87BEB20B238B39EC009A59EE /* ContentView.swift in Sources */,
			);
			runOnlyForDeploymentPostprocessing = 0;
		};
/* End PBXSourcesBuildPhase section */

/* Begin PBXVariantGroup section */
		87BEB211238B39F0009A59EE /* LaunchScreen.storyboard */ = {
			isa = PBXVariantGroup;
			children = (
				87BEB212238B39F0009A59EE /* Base */,
			);
			name = LaunchScreen.storyboard;
			sourceTree = "<group>";
		};
/* End PBXVariantGroup section */

/* Begin XCBuildConfiguration section */
		87BEB215238B39F0009A59EE /* Debug */ = {
			isa = XCBuildConfiguration;
			buildSettings = {
				ALWAYS_SEARCH_USER_PATHS = NO;
				CLANG_ANALYZER_NONNULL = YES;
				CLANG_ANALYZER_NUMBER_OBJECT_CONVERSION = YES_AGGRESSIVE;
				CLANG_CXX_LANGUAGE_STANDARD = "gnu++14";
				CLANG_CXX_LIBRARY = "libc++";
				CLANG_ENABLE_MODULES = YES;
				CLANG_ENABLE_OBJC_ARC = YES;
				CLANG_ENABLE_OBJC_WEAK = YES;
				CLANG_WARN_BLOCK_CAPTURE_AUTORELEASING = YES;
				CLANG_WARN_BOOL_CONVERSION = YES;
				CLANG_WARN_COMMA = YES;
				CLANG_WARN_CONSTANT_CONVERSION = YES;
				CLANG_WARN_DEPRECATED_OBJC_IMPLEMENTATIONS = YES;
				CLANG_WARN_DIRECT_OBJC_ISA_USAGE = YES_ERROR;
				CLANG_WARN_DOCUMENTATION_COMMENTS = YES;
				CLANG_WARN_EMPTY_BODY = YES;
				CLANG_WARN_ENUM_CONVERSION = YES;
				CLANG_WARN_INFINITE_RECURSION = YES;
				CLANG_WARN_INT_CONVERSION = YES;
				CLANG_WARN_NON_LITERAL_NULL_CONVERSION = YES;
				CLANG_WARN_OBJC_IMPLICIT_RETAIN_SELF = YES;
				CLANG_WARN_OBJC_LITERAL_CONVERSION = YES;
				CLANG_WARN_OBJC_ROOT_CLASS = YES_ERROR;
				CLANG_WARN_RANGE_LOOP_ANALYSIS = YES;
				CLANG_WARN_STRICT_PROTOTYPES = YES;
				CLANG_WARN_SUSPICIOUS_MOVE = YES;
				CLANG_WARN_UNGUARDED_AVAILABILITY = YES_AGGRESSIVE;
				CLANG_WARN_UNREACHABLE_CODE = YES;
				CLANG_WARN__DUPLICATE_METHOD_MATCH = YES;
				COPY_PHASE_STRIP = NO;
				DEBUG_INFORMATION_FORMAT = dwarf;
				ENABLE_STRICT_OBJC_MSGSEND = YES;
				ENABLE_TESTABILITY = YES;
				GCC_C_LANGUAGE_STANDARD = gnu11;
				GCC_DYNAMIC_NO_PIC = NO;
				GCC_NO_COMMON_BLOCKS = YES;
				GCC_OPTIMIZATION_LEVEL = 0;
				GCC_PREPROCESSOR_DEFINITIONS = (
					"DEBUG=1",
					"$(inherited)",
				);
				GCC_WARN_64_TO_32_BIT_CONVERSION = YES;
				GCC_WARN_ABOUT_RETURN_TYPE = YES_ERROR;
				GCC_WARN_UNDECLARED_SELECTOR = YES;
				GCC_WARN_UNINITIALIZED_AUTOS = YES_AGGRESSIVE;
				GCC_WARN_UNUSED_FUNCTION = YES;
				GCC_WARN_UNUSED_VARIABLE = YES;
				IPHONEOS_DEPLOYMENT_TARGET = 13.2;
				MTL_ENABLE_DEBUG_INFO = INCLUDE_SOURCE;
				MTL_FAST_MATH = YES;
				ONLY_ACTIVE_ARCH = YES;
				SDKROOT = iphoneos;
				SWIFT_ACTIVE_COMPILATION_CONDITIONS = DEBUG;
				SWIFT_OPTIMIZATION_LEVEL = "-Onone";
			};
			name = Debug;
		};
		87BEB216238B39F0009A59EE /* Release */ = {
			isa = XCBuildConfiguration;
			buildSettings = {
				ALWAYS_SEARCH_USER_PATHS = NO;
				CLANG_ANALYZER_NONNULL = YES;
				CLANG_ANALYZER_NUMBER_OBJECT_CONVERSION = YES_AGGRESSIVE;
				CLANG_CXX_LANGUAGE_STANDARD = "gnu++14";
				CLANG_CXX_LIBRARY = "libc++";
				CLANG_ENABLE_MODULES = YES;
				CLANG_ENABLE_OBJC_ARC = YES;
				CLANG_ENABLE_OBJC_WEAK = YES;
				CLANG_WARN_BLOCK_CAPTURE_AUTORELEASING = YES;
				CLANG_WARN_BOOL_CONVERSION = YES;
				CLANG_WARN_COMMA = YES;
				CLANG_WARN_CONSTANT_CONVERSION = YES;
				CLANG_WARN_DEPRECATED_OBJC_IMPLEMENTATIONS = YES;
				CLANG_WARN_DIRECT_OBJC_ISA_USAGE = YES_ERROR;
				CLANG_WARN_DOCUMENTATION_COMMENTS = YES;
				CLANG_WARN_EMPTY_BODY = YES;
				CLANG_WARN_ENUM_CONVERSION = YES;
				CLANG_WARN_INFINITE_RECURSION = YES;
				CLANG_WARN_INT_CONVERSION = YES;
				CLANG_WARN_NON_LITERAL_NULL_CONVERSION = YES;
				CLANG_WARN_OBJC_IMPLICIT_RETAIN_SELF = YES;
				CLANG_WARN_OBJC_LITERAL_CONVERSION = YES;
				CLANG_WARN_OBJC_ROOT_CLASS = YES_ERROR;
				CLANG_WARN_RANGE_LOOP_ANALYSIS = YES;
				CLANG_WARN_STRICT_PROTOTYPES = YES;
				CLANG_WARN_SUSPICIOUS_MOVE = YES;
				CLANG_WARN_UNGUARDED_AVAILABILITY = YES_AGGRESSIVE;
				CLANG_WARN_UNREACHABLE_CODE = YES;
				CLANG_WARN__DUPLICATE_METHOD_MATCH = YES;
				COPY_PHASE_STRIP = NO;
				DEBUG_INFORMATION_FORMAT = "dwarf-with-dsym";
				ENABLE_NS_ASSERTIONS = NO;
				ENABLE_STRICT_OBJC_MSGSEND = YES;
				GCC_C_LANGUAGE_STANDARD = gnu11;
				GCC_NO_COMMON_BLOCKS = YES;
				GCC_WARN_64_TO_32_BIT_CONVERSION = YES;
				GCC_WARN_ABOUT_RETURN_TYPE = YES_ERROR;
				GCC_WARN_UNDECLARED_SELECTOR = YES;
				GCC_WARN_UNINITIALIZED_AUTOS = YES_AGGRESSIVE;
				GCC_WARN_UNUSED_FUNCTION = YES;
				GCC_WARN_UNUSED_VARIABLE = YES;
				IPHONEOS_DEPLOYMENT_TARGET = 13.2;
				MTL_ENABLE_DEBUG_INFO = NO;
				MTL_FAST_MATH = YES;
				SDKROOT = iphoneos;
				SWIFT_COMPILATION_MODE = wholemodule;
				SWIFT_OPTIMIZATION_LEVEL = "-O";
				VALIDATE_PRODUCT = YES;
			};
			name = Release;
		};
		87BEB218238B39F0009A59EE /* Debug */ = {
			isa = XCBuildConfiguration;
			buildSettings = {
				ASSETCATALOG_COMPILER_APPICON_NAME = AppIcon;
				CODE_SIGN_STYLE = Automatic;
				DEVELOPMENT_ASSET_PATHS = "\"Boardgames/Preview Content\"";
				DEVELOPMENT_TEAM = 74Y467434L;
				ENABLE_PREVIEWS = YES;
				INFOPLIST_FILE = Boardgames/Info.plist;
				LD_RUNPATH_SEARCH_PATHS = (
					"$(inherited)",
					"@executable_path/Frameworks",
				);
				PRODUCT_BUNDLE_IDENTIFIER = com.example.Boardgames;
				PRODUCT_NAME = "$(TARGET_NAME)";
				SWIFT_VERSION = 5.0;
				TARGETED_DEVICE_FAMILY = "1,2";
			};
			name = Debug;
		};
		87BEB219238B39F0009A59EE /* Release */ = {
			isa = XCBuildConfiguration;
			buildSettings = {
				ASSETCATALOG_COMPILER_APPICON_NAME = AppIcon;
				CODE_SIGN_STYLE = Automatic;
				DEVELOPMENT_ASSET_PATHS = "\"Boardgames/Preview Content\"";
				DEVELOPMENT_TEAM = 74Y467434L;
				ENABLE_PREVIEWS = YES;
				INFOPLIST_FILE = Boardgames/Info.plist;
				LD_RUNPATH_SEARCH_PATHS = (
					"$(inherited)",
					"@executable_path/Frameworks",
				);
				PRODUCT_BUNDLE_IDENTIFIER = com.example.Boardgames;
				PRODUCT_NAME = "$(TARGET_NAME)";
				SWIFT_VERSION = 5.0;
				TARGETED_DEVICE_FAMILY = "1,2";
			};
			name = Release;
		};
/* End XCBuildConfiguration section */

/* Begin XCConfigurationList section */
		87BEB1FE238B39EC009A59EE /* Build configuration list for PBXProject "Boardgames" */ = {
			isa = XCConfigurationList;
			buildConfigurations = (
				87BEB215238B39F0009A59EE /* Debug */,
				87BEB216238B39F0009A59EE /* Release */,
			);
			defaultConfigurationIsVisible = 0;
			defaultConfigurationName = Release;
		};
		87BEB217238B39F0009A59EE /* Build configuration list for PBXNativeTarget "Boardgames" */ = {
			isa = XCConfigurationList;
			buildConfigurations = (
				87BEB218238B39F0009A59EE /* Debug */,
				87BEB219238B39F0009A59EE /* Release */,
			);
			defaultConfigurationIsVisible = 0;
			defaultConfigurationName = Release;
		};
/* End XCConfigurationList section */
	};
	rootObject = 87BEB1FB238B39EC009A59EE /* Project object */;
}
